
Microsoft Visual Studio Solution File, Format Version 12.00
# Visual Studio 15
VisualStudioVersion = 15.0.28307.902
MinimumVisualStudioVersion = 10.0.40219.1
Project("{FAE04EC0-301F-11D3-BF4B-00C04F79EFBC}") = "Lesson 29.11.2020", "Lesson 29.11.2020\Lesson 29.11.2020.csproj", "{8D497790-53AA-4B74-B0C8-2C23189F3C62}"
EndProject
Global
	GlobalSection(SolutionConfigurationPlatforms) = preSolution
		Debug|Any CPU = Debug|Any CPU
		Release|Any CPU = Release|Any CPU
	EndGlobalSection
	GlobalSection(ProjectConfigurationPlatforms) = postSolution
		{8D497790-53AA-4B74-B0C8-2C23189F3C62}.Debug|Any CPU.ActiveCfg = Debug|Any CPU
		{8D497790-53AA-4B74-B0C8-2C23189F3C62}.Debug|Any CPU.Build.0 = Debug|Any CPU
		{8D497790-53AA-4B74-B0C8-2C23189F3C62}.Release|Any CPU.ActiveCfg = Release|Any CPU
		{8D497790-53AA-4B74-B0C8-2C23189F3C62}.Release|Any CPU.Build.0 = Release|Any CPU
	EndGlobalSection
	GlobalSection(SolutionProperties) = preSolution
		HideSolutionNode = FALSE
	EndGlobalSection
	GlobalSection(ExtensibilityGlobals) = postSolution
		SolutionGuid = {EE5CF5B4-B78F-425F-9872-3D0170A74BEB}
	EndGlobalSection
EndGlobal
